{
  "name": "novo_projeto",
  "version": "1.0.0",
  "lockfileVersion": 3,
  "requires": true,
  "packages": {
    "": {
      "name": "novo_projeto",
      "version": "1.0.0",
      "license": "ISC",
      "devDependencies": {
        "@21st-extension/toolbar": "^0.5.14"
      }
    },
    "node_modules/@21st-extension/toolbar": {
      "version": "0.5.14",
      "resolved": "https://registry.npmjs.org/@21st-extension/toolbar/-/toolbar-0.5.14.tgz",
      "integrity": "sha512-1ou6TQGrhPtdS8YtsmBTSzfx7aOhqGccbFaHFNHhwpqf5vIfXJm3qCsnzJ7VRGIT5D596QEEsRTEqj4DEmWMXA==",
      "dev": true,
      "dependencies": {
        "@radix-ui/react-hover-card": "^1.1.13",
        "@supabase/supabase-js": "^2.50.1",
        "@tanstack/react-query": "^5.81.5",
        "framer-motion": "^12.19.1",
        "qss": "^3.0.0"
      }
    },
    "node_modules/@floating-ui/core": {
      "version": "1.7.3",
      "resolved": "https://registry.npmjs.org/@floating-ui/core/-/core-1.7.3.tgz",
      "integrity": "sha512-sGnvb5dmrJaKEZ+LDIpguvdX3bDlEllmv4/ClQ9awcmCZrlx5jQyyMWFM5kBI+EyNOCDDiKk8il0zeuX3Zlg/w==",
      "dev": true,
      "dependencies": {
        "@floating-ui/utils": "^0.2.10"
      }
    },
    "node_modules/@floating-ui/dom": {
      "version": "1.7.4",
      "resolved": "https://registry.npmjs.org/@floating-ui/dom/-/dom-1.7.4.tgz",
      "integrity": "sha512-OOchDgh4F2CchOX94cRVqhvy7b3AFb+/rQXyswmzmGakRfkMgoWVjfnLWkRirfLEfuD4ysVW16eXzwt3jHIzKA==",
      "dev": true,
      "dependencies": {
        "@floating-ui/core": "^1.7.3",
        "@floating-ui/utils": "^0.2.10"
      }
    },
    "node_modules/@floating-ui/react-dom": {
      "version": "2.1.6",
      "resolved": "https://registry.npmjs.org/@floating-ui/react-dom/-/react-dom-2.1.6.tgz",
      "integrity": "sha512-4JX6rEatQEvlmgU80wZyq9RT96HZJa88q8hp0pBd+LrczeDI4o6uA2M+uvxngVHo4Ihr8uibXxH6+70zhAFrVw==",
      "dev": true,
      "dependencies": {
        "@floating-ui/dom": "^1.7.4"
      },
      "peerDependencies": {
        "react": ">=16.8.0",
        "react-dom": ">=16.8.0"
      }
    },
    "node_modules/@floating-ui/utils": {
      "version": "0.2.10",
      "resolved": "https://registry.npmjs.org/@floating-ui/utils/-/utils-0.2.10.tgz",
      "integrity": "sha512-aGTxbpbg8/b5JfU1HXSrbH3wXZuLPJcNEcZQFMxLs3oSzgtVu6nFPkbbGGUvBcUjKV2YyB9Wxxabo+HEH9tcRQ==",
      "dev": true
    },
    "node_modules/@radix-ui/primitive": {
      "version": "1.1.3",
      "resolved": "https://registry.npmjs.org/@radix-ui/primitive/-/primitive-1.1.3.tgz",
      "integrity": "sha512-JTF99U/6XIjCBo0wqkU5sK10glYe27MRRsfwoiq5zzOEZLHU3A3KCMa5X/azekYRCJ0HlwI0crAXS/5dEHTzDg==",
      "dev": true
    },
    "node_modules/@radix-ui/react-arrow": {
      "version": "1.1.7",
      "resolved": "https://registry.npmjs.org/@radix-ui/react-arrow/-/react-arrow-1.1.7.tgz",
      "integrity": "sha512-F+M1tLhO+mlQaOWspE8Wstg+z6PwxwRd8oQ8IXceWz92kfAmalTRf0EjrouQeo7QssEPfCn05B4Ihs1K9WQ/7w==",
      "dev": true,
      "dependencies": {
        "@radix-ui/react-primitive": "2.1.3"
      },
      "peerDependencies": {
        "@types/react": "*",
        "@types/react-dom": "*",
        "react": "^16.8 || ^17.0 || ^18.0 || ^19.0 || ^19.0.0-rc",
        "react-dom": "^16.8 || ^17.0 || ^18.0 || ^19.0 || ^19.0.0-rc"
      },
      "peerDependenciesMeta": {
        "@types/react": {
          "optional": true
        },
        "@types/react-dom": {
          "optional": true
        }
      }
    },
    "node_modules/@radix-ui/react-compose-refs": {
      "version": "1.1.2",
      "resolved": "https://registry.npmjs.org/@radix-ui/react-compose-refs/-/react-compose-refs-1.1.2.tgz",
      "integrity": "sha512-z4eqJvfiNnFMHIIvXP3CY57y2WJs5g2v3X0zm9mEJkrkNv4rDxu+sg9Jh8EkXyeqBkB7SOcboo9dMVqhyrACIg==",
      "dev": true,
      "peerDependencies": {
        "@types/react": "*",
        "react": "^16.8 || ^17.0 || ^18.0 || ^19.0 || ^19.0.0-rc"
      },
      "peerDependenciesMeta": {
        "@types/react": {
          "optional": true
        }
      }
    },
    "node_modules/@radix-ui/react-context": {
      "version": "1.1.2",
      "resolved": "https://registry.npmjs.org/@radix-ui/react-context/-/react-context-1.1.2.tgz",
      "integrity": "sha512-jCi/QKUM2r1Ju5a3J64TH2A5SpKAgh0LpknyqdQ4m6DCV0xJ2HG1xARRwNGPQfi1SLdLWZ1OJz6F4OMBBNiGJA==",
      "dev": true,
      "peerDependencies": {
        "@types/react": "*",
        "react": "^16.8 || ^17.0 || ^18.0 || ^19.0 || ^19.0.0-rc"
      },
      "peerDependenciesMeta": {
        "@types/react": {
          "optional": true
        }
      }
    },
    "node_modules/@radix-ui/react-dismissable-layer": {
      "version": "1.1.11",
      "resolved": "https://registry.npmjs.org/@radix-ui/react-dismissable-layer/-/react-dismissable-layer-1.1.11.tgz",
      "integrity": "sha512-Nqcp+t5cTB8BinFkZgXiMJniQH0PsUt2k51FUhbdfeKvc4ACcG2uQniY/8+h1Yv6Kza4Q7lD7PQV0z0oicE0Mg==",
      "dev": true,
      "dependencies": {
        "@radix-ui/primitive": "1.1.3",
        "@radix-ui/react-compose-refs": "1.1.2",
        "@radix-ui/react-primitive": "2.1.3",
        "@radix-ui/react-use-callback-ref": "1.1.1",
        "@radix-ui/react-use-escape-keydown": "1.1.1"
      },
      "peerDependencies": {
        "@types/react": "*",
        "@types/react-dom": "*",
        "react": "^16.8 || ^17.0 || ^18.0 || ^19.0 || ^19.0.0-rc",
        "react-dom": "^16.8 || ^17.0 || ^18.0 || ^19.0 || ^19.0.0-rc"
      },
      "peerDependenciesMeta": {
        "@types/react": {
          "optional": true
        },
        "@types/react-dom": {
          "optional": true
        }
      }
    },
    "node_modules/@radix-ui/react-hover-card": {
      "version": "1.1.15",
      "resolved": "https://registry.npmjs.org/@radix-ui/react-hover-card/-/react-hover-card-1.1.15.tgz",
      "integrity": "sha512-qgTkjNT1CfKMoP0rcasmlH2r1DAiYicWsDsufxl940sT2wHNEWWv6FMWIQXWhVdmC1d/HYfbhQx60KYyAtKxjg==",
      "dev": true,
      "dependencies": {
        "@radix-ui/primitive": "1.1.3",
        "@radix-ui/react-compose-refs": "1.1.2",
        "@radix-ui/react-context": "1.1.2",
        "@radix-ui/react-dismissable-layer": "1.1.11",
        "@radix-ui/react-popper": "1.2.8",
        "@radix-ui/react-portal": "1.1.9",
        "@radix-ui/react-presence": "1.1.5",
        "@radix-ui/react-primitive": "2.1.3",
        "@radix-ui/react-use-controllable-state": "1.2.2"
      },
      "peerDependencies": {
        "@types/react": "*",
        "@types/react-dom": "*",
        "react": "^16.8 || ^17.0 || ^18.0 || ^19.0 || ^19.0.0-rc",
        "react-dom": "^16.8 || ^17.0 || ^18.0 || ^19.0 || ^19.0.0-rc"
      },
      "peerDependenciesMeta": {
        "@types/react": {
          "optional": true
        },
        "@types/react-dom": {
          "optional": true
        }
      }
    },
    "node_modules/@radix-ui/react-popper": {
      "version": "1.2.8",
      "resolved": "https://registry.npmjs.org/@radix-ui/react-popper/-/react-popper-1.2.8.tgz",
      "integrity": "sha512-0NJQ4LFFUuWkE7Oxf0htBKS6zLkkjBH+hM1uk7Ng705ReR8m/uelduy1DBo0PyBXPKVnBA6YBlU94MBGXrSBCw==",
      "dev": true,
      "dependencies": {
        "@floating-ui/react-dom": "^2.0.0",
        "@radix-ui/react-arrow": "1.1.7",
        "@radix-ui/react-compose-refs": "1.1.2",
        "@radix-ui/react-context": "1.1.2",
        "@radix-ui/react-primitive": "2.1.3",
        "@radix-ui/react-use-callback-ref": "1.1.1",
        "@radix-ui/react-use-layout-effect": "1.1.1",
        "@radix-ui/react-use-rect": "1.1.1",
        "@radix-ui/react-use-size": "1.1.1",
        "@radix-ui/rect": "1.1.1"
      },
      "peerDependencies": {
        "@types/react": "*",
        "@types/react-dom": "*",
        "react": "^16.8 || ^17.0 || ^18.0 || ^19.0 || ^19.0.0-rc",
        "react-dom": "^16.8 || ^17.0 || ^18.0 || ^19.0 || ^19.0.0-rc"
      },
      "peerDependenciesMeta": {
        "@types/react": {
          "optional": true
        },
        "@types/react-dom": {
          "optional": true
        }
      }
    },
    "node_modules/@radix-ui/react-portal": {
      "version": "1.1.9",
      "resolved": "https://registry.npmjs.org/@radix-ui/react-portal/-/react-portal-1.1.9.tgz",
      "integrity": "sha512-bpIxvq03if6UNwXZ+HTK71JLh4APvnXntDc6XOX8UVq4XQOVl7lwok0AvIl+b8zgCw3fSaVTZMpAPPagXbKmHQ==",
      "dev": true,
      "dependencies": {
        "@radix-ui/react-primitive": "2.1.3",
        "@radix-ui/react-use-layout-effect": "1.1.1"
      },
      "peerDependencies": {
        "@types/react": "*",
        "@types/react-dom": "*",
        "react": "^16.8 || ^17.0 || ^18.0 || ^19.0 || ^19.0.0-rc",
        "react-dom": "^16.8 || ^17.0 || ^18.0 || ^19.0 || ^19.0.0-rc"
      },
      "peerDependenciesMeta": {
        "@types/react": {
          "optional": true
        },
        "@types/react-dom": {
          "optional": true
        }
      }
    },
    "node_modules/@radix-ui/react-presence": {
      "version": "1.1.5",
      "resolved": "https://registry.npmjs.org/@radix-ui/react-presence/-/react-presence-1.1.5.tgz",
      "integrity": "sha512-/jfEwNDdQVBCNvjkGit4h6pMOzq8bHkopq458dPt2lMjx+eBQUohZNG9A7DtO/O5ukSbxuaNGXMjHicgwy6rQQ==",
      "dev": true,
      "dependencies": {
        "@radix-ui/react-compose-refs": "1.1.2",
        "@radix-ui/react-use-layout-effect": "1.1.1"
      },
      "peerDependencies": {
        "@types/react": "*",
        "@types/react-dom": "*",
        "react": "^16.8 || ^17.0 || ^18.0 || ^19.0 || ^19.0.0-rc",
        "react-dom": "^16.8 || ^17.0 || ^18.0 || ^19.0 || ^19.0.0-rc"
      },
      "peerDependenciesMeta": {
        "@types/react": {
          "optional": true
        },
        "@types/react-dom": {
          "optional": true
        }
      }
    },
    "node_modules/@radix-ui/react-primitive": {
      "version": "2.1.3",
      "resolved": "https://registry.npmjs.org/@radix-ui/react-primitive/-/react-primitive-2.1.3.tgz",
      "integrity": "sha512-m9gTwRkhy2lvCPe6QJp4d3G1TYEUHn/FzJUtq9MjH46an1wJU+GdoGC5VLof8RX8Ft/DlpshApkhswDLZzHIcQ==",
      "dev": true,
      "dependencies": {
        "@radix-ui/react-slot": "1.2.3"
      },
      "peerDependencies": {
        "@types/react": "*",
        "@types/react-dom": "*",
        "react": "^16.8 || ^17.0 || ^18.0 || ^19.0 || ^19.0.0-rc",
        "react-dom": "^16.8 || ^17.0 || ^18.0 || ^19.0 || ^19.0.0-rc"
      },
      "peerDependenciesMeta": {
        "@types/react": {
          "optional": true
        },
        "@types/react-dom": {
          "optional": true
        }
      }
    },
    "node_modules/@radix-ui/react-slot": {
      "version": "1.2.3",
      "resolved": "https://registry.npmjs.org/@radix-ui/react-slot/-/react-slot-1.2.3.tgz",
      "integrity": "sha512-aeNmHnBxbi2St0au6VBVC7JXFlhLlOnvIIlePNniyUNAClzmtAUEY8/pBiK3iHjufOlwA+c20/8jngo7xcrg8A==",
      "dev": true,
      "dependencies": {
        "@radix-ui/react-compose-refs": "1.1.2"
      },
      "peerDependencies": {
        "@types/react": "*",
        "react": "^16.8 || ^17.0 || ^18.0 || ^19.0 || ^19.0.0-rc"
      },
      "peerDependenciesMeta": {
        "@types/react": {
          "optional": true
        }
      }
    },
    "node_modules/@radix-ui/react-use-callback-ref": {
      "version": "1.1.1",
      "resolved": "https://registry.npmjs.org/@radix-ui/react-use-callback-ref/-/react-use-callback-ref-1.1.1.tgz",
      "integrity": "sha512-FkBMwD+qbGQeMu1cOHnuGB6x4yzPjho8ap5WtbEJ26umhgqVXbhekKUQO+hZEL1vU92a3wHwdp0HAcqAUF5iDg==",
      "dev": true,
      "peerDependencies": {
        "@types/react": "*",
        "react": "^16.8 || ^17.0 || ^18.0 || ^19.0 || ^19.0.0-rc"
      },
      "peerDependenciesMeta": {
        "@types/react": {
          "optional": true
        }
      }
    },
    "node_modules/@radix-ui/react-use-controllable-state": {
      "version": "1.2.2",
      "resolved": "https://registry.npmjs.org/@radix-ui/react-use-controllable-state/-/react-use-controllable-state-1.2.2.tgz",
      "integrity": "sha512-BjasUjixPFdS+NKkypcyyN5Pmg83Olst0+c6vGov0diwTEo6mgdqVR6hxcEgFuh4QrAs7Rc+9KuGJ9TVCj0Zzg==",
      "dev": true,
      "dependencies": {
        "@radix-ui/react-use-effect-event": "0.0.2",
        "@radix-ui/react-use-layout-effect": "1.1.1"
      },
      "peerDependencies": {
        "@types/react": "*",
        "react": "^16.8 || ^17.0 || ^18.0 || ^19.0 || ^19.0.0-rc"
      },
      "peerDependenciesMeta": {
        "@types/react": {
          "optional": true
        }
      }
    },
    "node_modules/@radix-ui/react-use-effect-event": {
      "version": "0.0.2",
      "resolved": "https://registry.npmjs.org/@radix-ui/react-use-effect-event/-/react-use-effect-event-0.0.2.tgz",
      "integrity": "sha512-Qp8WbZOBe+blgpuUT+lw2xheLP8q0oatc9UpmiemEICxGvFLYmHm9QowVZGHtJlGbS6A6yJ3iViad/2cVjnOiA==",
      "dev": true,
      "dependencies": {
        "@radix-ui/react-use-layout-effect": "1.1.1"
      },
      "peerDependencies": {
        "@types/react": "*",
        "react": "^16.8 || ^17.0 || ^18.0 || ^19.0 || ^19.0.0-rc"
      },
      "peerDependenciesMeta": {
        "@types/react": {
          "optional": true
        }
      }
    },
    "node_modules/@radix-ui/react-use-escape-keydown": {
      "version": "1.1.1",
      "resolved": "https://registry.npmjs.org/@radix-ui/react-use-escape-keydown/-/react-use-escape-keydown-1.1.1.tgz",
      "integrity": "sha512-Il0+boE7w/XebUHyBjroE+DbByORGR9KKmITzbR7MyQ4akpORYP/ZmbhAr0DG7RmmBqoOnZdy2QlvajJ2QA59g==",
      "dev": true,
      "dependencies": {
        "@radix-ui/react-use-callback-ref": "1.1.1"
      },
      "peerDependencies": {
        "@types/react": "*",
        "react": "^16.8 || ^17.0 || ^18.0 || ^19.0 || ^19.0.0-rc"
      },
      "peerDependenciesMeta": {
        "@types/react": {
          "optional": true
        }
      }
    },
    "node_modules/@radix-ui/react-use-layout-effect": {
      "version": "1.1.1",
      "resolved": "https://registry.npmjs.org/@radix-ui/react-use-layout-effect/-/react-use-layout-effect-1.1.1.tgz",
      "integrity": "sha512-RbJRS4UWQFkzHTTwVymMTUv8EqYhOp8dOOviLj2ugtTiXRaRQS7GLGxZTLL1jWhMeoSCf5zmcZkqTl9IiYfXcQ==",
      "dev": true,
      "peerDependencies": {
        "@types/react": "*",
        "react": "^16.8 || ^17.0 || ^18.0 || ^19.0 || ^19.0.0-rc"
      },
      "peerDependenciesMeta": {
        "@types/react": {
          "optional": true
        }
      }
    },
    "node_modules/@radix-ui/react-use-rect": {
      "version": "1.1.1",
      "resolved": "https://registry.npmjs.org/@radix-ui/react-use-rect/-/react-use-rect-1.1.1.tgz",
      "integrity": "sha512-QTYuDesS0VtuHNNvMh+CjlKJ4LJickCMUAqjlE3+j8w+RlRpwyX3apEQKGFzbZGdo7XNG1tXa+bQqIE7HIXT2w==",
      "dev": true,
      "dependencies": {
        "@radix-ui/rect": "1.1.1"
      },
      "peerDependencies": {
        "@types/react": "*",
        "react": "^16.8 || ^17.0 || ^18.0 || ^19.0 || ^19.0.0-rc"
      },
      "peerDependenciesMeta": {
        "@types/react": {
          "optional": true
        }
      }
    },
    "node_modules/@radix-ui/react-use-size": {
      "version": "1.1.1",
      "resolved": "https://registry.npmjs.org/@radix-ui/react-use-size/-/react-use-size-1.1.1.tgz",
      "integrity": "sha512-ewrXRDTAqAXlkl6t/fkXWNAhFX9I+CkKlw6zjEwk86RSPKwZr3xpBRso655aqYafwtnbpHLj6toFzmd6xdVptQ==",
      "dev": true,
      "dependencies": {
        "@radix-ui/react-use-layout-effect": "1.1.1"
      },
      "peerDependencies": {
        "@types/react": "*",
        "react": "^16.8 || ^17.0 || ^18.0 || ^19.0 || ^19.0.0-rc"
      },
      "peerDependenciesMeta": {
        "@types/react": {
          "optional": true
        }
      }
    },
    "node_modules/@radix-ui/rect": {
      "version": "1.1.1",
      "resolved": "https://registry.npmjs.org/@radix-ui/rect/-/rect-1.1.1.tgz",
      "integrity": "sha512-HPwpGIzkl28mWyZqG52jiqDJ12waP11Pa1lGoiyUkIEuMLBP0oeK/C89esbXrxsky5we7dfd8U58nm0SgAWpVw==",
      "dev": true
    },
    "node_modules/@supabase/auth-js": {
      "version": "2.78.0",
      "resolved": "https://registry.npmjs.org/@supabase/auth-js/-/auth-js-2.78.0.tgz",
      "integrity": "sha512-cXDtu1U0LeZj/xfnFoV7yCze37TcbNo8FCxy1FpqhMbB9u9QxxDSW6pA5gm/07Ei7m260Lof4CZx67Cu6DPeig==",
      "dev": true,
      "dependencies": {
        "@supabase/node-fetch": "2.6.15",
        "tslib": "2.8.1"
      }
    },
    "node_modules/@supabase/functions-js": {
      "version": "2.78.0",
      "resolved": "https://registry.npmjs.org/@supabase/functions-js/-/functions-js-2.78.0.tgz",
      "integrity": "sha512-t1jOvArBsOINyqaRee1xJ3gryXLvkBzqnKfi6q3YRzzhJbGS6eXz0pXR5fqmJeB01fLC+1njpf3YhMszdPEF7g==",
      "dev": true,
      "dependencies": {
        "@supabase/node-fetch": "2.6.15",
        "tslib": "2.8.1"
      }
    },
    "node_modules/@supabase/node-fetch": {
      "version": "2.6.15",
      "resolved": "https://registry.npmjs.org/@supabase/node-fetch/-/node-fetch-2.6.15.tgz",
      "integrity": "sha512-1ibVeYUacxWYi9i0cf5efil6adJ9WRyZBLivgjs+AUpewx1F3xPi7gLgaASI2SmIQxPoCEjAsLAzKPgMJVgOUQ==",
      "dev": true,
      "dependencies": {
        "whatwg-url": "^5.0.0"
      },
      "engines": {
        "node": "4.x || >=6.0.0"
      }
    },
    "node_modules/@supabase/postgrest-js": {
      "version": "2.78.0",
      "resolved": "https://registry.npmjs.org/@supabase/postgrest-js/-/postgrest-js-2.78.0.tgz",
      "integrity": "sha512-AwhpYlSvJ+PSnPmIK8sHj7NGDyDENYfQGKrMtpVIEzQA2ApUjgpUGxzXWN4Z0wEtLQsvv7g4y9HVad9Hzo1TNA==",
      "dev": true,
      "dependencies": {
        "@supabase/node-fetch": "2.6.15",
        "tslib": "2.8.1"
      }
    },
    "node_modules/@supabase/realtime-js": {
      "version": "2.78.0",
      "resolved": "https://registry.npmjs.org/@supabase/realtime-js/-/realtime-js-2.78.0.tgz",
      "integrity": "sha512-rCs1zmLe7of7hj4s7G9z8rTqzWuNVtmwDr3FiCRCJFawEoa+RQO1xpZGbdeuVvVmKDyVN6b542Okci+117y/LQ==",
      "dev": true,
      "dependencies": {
        "@supabase/node-fetch": "2.6.15",
        "@types/phoenix": "^1.6.6",
        "@types/ws": "^8.18.1",
        "tslib": "2.8.1",
        "ws": "^8.18.2"
      }
    },
    "node_modules/@supabase/storage-js": {
      "version": "2.78.0",
      "resolved": "https://registry.npmjs.org/@supabase/storage-js/-/storage-js-2.78.0.tgz",
      "integrity": "sha512-n17P0JbjHOlxqJpkaGFOn97i3EusEKPEbWOpuk1r4t00Wg06B8Z4GUiq0O0n1vUpjiMgJUkLIMuBVp+bEgunzQ==",
      "dev": true,
      "dependencies": {
        "@supabase/node-fetch": "2.6.15",
        "tslib": "2.8.1"
      }
    },
    "node_modules/@supabase/supabase-js": {
      "version": "2.78.0",
      "resolved": "https://registry.npmjs.org/@supabase/supabase-js/-/supabase-js-2.78.0.tgz",
      "integrity": "sha512-xYMRNBFmKp2m1gMuwcp/gr/HlfZKqjye1Ib8kJe29XJNsgwsfO/f8skxnWiscFKTlkOKLuBexNgl5L8dzGt6vA==",
      "dev": true,
      "dependencies": {
        "@supabase/auth-js": "2.78.0",
        "@supabase/functions-js": "2.78.0",
        "@supabase/node-fetch": "2.6.15",
        "@supabase/postgrest-js": "2.78.0",
        "@supabase/realtime-js": "2.78.0",
        "@supabase/storage-js": "2.78.0"
      }
    },
    "node_modules/@tanstack/query-core": {
      "version": "5.90.6",
      "resolved": "https://registry.npmjs.org/@tanstack/query-core/-/query-core-5.90.6.tgz",
      "integrity": "sha512-AnZSLF26R8uX+tqb/ivdrwbVdGemdEDm1Q19qM6pry6eOZ6bEYiY7mWhzXT1YDIPTNEVcZ5kYP9nWjoxDLiIVw==",
      "dev": true,
      "funding": {
        "type": "github",
        "url": "https://github.com/sponsors/tannerlinsley"
      }
    },
    "node_modules/@tanstack/react-query": {
      "version": "5.90.6",
      "resolved": "https://registry.npmjs.org/@tanstack/react-query/-/react-query-5.90.6.tgz",
      "integrity": "sha512-gB1sljYjcobZKxjPbKSa31FUTyr+ROaBdoH+wSSs9Dk+yDCmMs+TkTV3PybRRVLC7ax7q0erJ9LvRWnMktnRAw==",
      "dev": true,
      "dependencies": {
        "@tanstack/query-core": "5.90.6"
      },
      "funding": {
        "type": "github",
        "url": "https://github.com/sponsors/tannerlinsley"
      },
      "peerDependencies": {
        "react": "^18 || ^19"
      }
    },
    "node_modules/@types/node": {
      "version": "24.10.0",
      "resolved": "https://registry.npmjs.org/@types/node/-/node-24.10.0.tgz",
      "integrity": "sha512-qzQZRBqkFsYyaSWXuEHc2WR9c0a0CXwiE5FWUvn7ZM+vdy1uZLfCunD38UzhuB7YN/J11ndbDBcTmOdxJo9Q7A==",
      "dev": true,
      "dependencies": {
        "undici-types": "~7.16.0"
      }
    },
    "node_modules/@types/phoenix": {
      "version": "1.6.6",
      "resolved": "https://registry.npmjs.org/@types/phoenix/-/phoenix-1.6.6.tgz",
      "integrity": "sha512-PIzZZlEppgrpoT2QgbnDU+MMzuR6BbCjllj0bM70lWoejMeNJAxCchxnv7J3XFkI8MpygtRpzXrIlmWUBclP5A==",
      "dev": true
    },
    "node_modules/@types/ws": {
      "version": "8.18.1",
      "resolved": "https://registry.npmjs.org/@types/ws/-/ws-8.18.1.tgz",
      "integrity": "sha512-ThVF6DCVhA8kUGy+aazFQ4kXQ7E1Ty7A3ypFOe0IcJV8O/M511G99AW24irKrW56Wt44yG9+ij8FaqoBGkuBXg==",
      "dev": true,
      "dependencies": {
        "@types/node": "*"
      }
    },
    "node_modules/framer-motion": {
      "version": "12.23.24",
      "resolved": "https://registry.npmjs.org/framer-motion/-/framer-motion-12.23.24.tgz",
      "integrity": "sha512-HMi5HRoRCTou+3fb3h9oTLyJGBxHfW+HnNE25tAXOvVx/IvwMHK0cx7IR4a2ZU6sh3IX1Z+4ts32PcYBOqka8w==",
      "dev": true,
      "dependencies": {
        "motion-dom": "^12.23.23",
        "motion-utils": "^12.23.6",
        "tslib": "^2.4.0"
      },
      "peerDependencies": {
        "@emotion/is-prop-valid": "*",
        "react": "^18.0.0 || ^19.0.0",
        "react-dom": "^18.0.0 || ^19.0.0"
      },
      "peerDependenciesMeta": {
        "@emotion/is-prop-valid": {
          "optional": true
        },
        "react": {
          "optional": true
        },
        "react-dom": {
          "optional": true
        }
      }
    },
    "node_modules/motion-dom": {
      "version": "12.23.23",
      "resolved": "https://registry.npmjs.org/motion-dom/-/motion-dom-12.23.23.tgz",
      "integrity": "sha512-n5yolOs0TQQBRUFImrRfs/+6X4p3Q4n1dUEqt/H58Vx7OW6RF+foWEgmTVDhIWJIMXOuNNL0apKH2S16en9eiA==",
      "dev": true,
      "dependencies": {
        "motion-utils": "^12.23.6"
      }
    },
    "node_modules/motion-utils": {
      "version": "12.23.6",
      "resolved": "https://registry.npmjs.org/motion-utils/-/motion-utils-12.23.6.tgz",
      "integrity": "sha512-eAWoPgr4eFEOFfg2WjIsMoqJTW6Z8MTUCgn/GZ3VRpClWBdnbjryiA3ZSNLyxCTmCQx4RmYX6jX1iWHbenUPNQ==",
      "dev": true
    },
    "node_modules/qss": {
      "version": "3.0.0",
      "resolved": "https://registry.npmjs.org/qss/-/qss-3.0.0.tgz",
      "integrity": "sha512-ZHoCB3M/3Voev64zhLLUOKDtaEdJ/lymsJJ7R3KBusVZ2ovNiIB7XOq3Xh6V1a8O+Vho+g2B5YElq9zW7D8aQw==",
      "dev": true,
      "engines": {
        "node": ">=4"
      }
    },
    "node_modules/react": {
      "version": "19.2.0",
      "resolved": "https://registry.npmjs.org/react/-/react-19.2.0.tgz",
      "integrity": "sha512-tmbWg6W31tQLeB5cdIBOicJDJRR2KzXsV7uSK9iNfLWQ5bIZfxuPEHp7M8wiHyHnn0DD1i7w3Zmin0FtkrwoCQ==",
      "dev": true,
      "peer": true,
      "engines": {
        "node": ">=0.10.0"
      }
    },
    "node_modules/react-dom": {
      "version": "19.2.0",
      "resolved": "https://registry.npmjs.org/react-dom/-/react-dom-19.2.0.tgz",
      "integrity": "sha512-UlbRu4cAiGaIewkPyiRGJk0imDN2T3JjieT6spoL2UeSf5od4n5LB/mQ4ejmxhCFT1tYe8IvaFulzynWovsEFQ==",
      "dev": true,
      "peer": true,
      "dependencies": {
        "scheduler": "^0.27.0"
      },
      "peerDependencies": {
        "react": "^19.2.0"
      }
    },
    "node_modules/scheduler": {
      "version": "0.27.0",
      "resolved": "https://registry.npmjs.org/scheduler/-/scheduler-0.27.0.tgz",
      "integrity": "sha512-eNv+WrVbKu1f3vbYJT/xtiF5syA5HPIMtf9IgY/nKg0sWqzAUEvqY/xm7OcZc/qafLx/iO9FgOmeSAp4v5ti/Q==",
      "dev": true,
      "peer": true
    },
    "node_modules/tr46": {
      "version": "0.0.3",
      "resolved": "https://registry.npmjs.org/tr46/-/tr46-0.0.3.tgz",
      "integrity": "sha512-N3WMsuqV66lT30CrXNbEjx4GEwlow3v6rr4mCcv6prnfwhS01rkgyFdjPNBYd9br7LpXV1+Emh01fHnq2Gdgrw==",
      "dev": true
    },
    "node_modules/tslib": {
      "version": "2.8.1",
      "resolved": "https://registry.npmjs.org/tslib/-/tslib-2.8.1.tgz",
      "integrity": "sha512-oJFu94HQb+KVduSUQL7wnpmqnfmLsOA/nAh6b6EH0wCEoK0/mPeXU6c3wKDV83MkOuHPRHtSXKKU99IBazS/2w==",
      "dev": true
    },
    "node_modules/undici-types": {
      "version": "7.16.0",
      "resolved": "https://registry.npmjs.org/undici-types/-/undici-types-7.16.0.tgz",
      "integrity": "sha512-Zz+aZWSj8LE6zoxD+xrjh4VfkIG8Ya6LvYkZqtUQGJPZjYl53ypCaUwWqo7eI0x66KBGeRo+mlBEkMSeSZ38Nw==",
      "dev": true
    },
    "node_modules/webidl-conversions": {
      "version": "3.0.1",
      "resolved": "https://registry.npmjs.org/webidl-conversions/-/webidl-conversions-3.0.1.tgz",
      "integrity": "sha512-2JAn3z8AR6rjK8Sm8orRC0h/bcl/DqL7tRPdGZ4I1CjdF+EaMLmYxBHyXuKL849eucPFhvBoxMsflfOb8kxaeQ==",
      "dev": true
    },
    "node_modules/whatwg-url": {
      "version": "5.0.0",
      "resolved": "https://registry.npmjs.org/whatwg-url/-/whatwg-url-5.0.0.tgz",
      "integrity": "sha512-saE57nupxk6v3HY35+jzBwYa0rKSy0XR8JSxZPwgLr7ys0IBzhGviA1/TUGJLmSVqs8pb9AnvICXEuOHLprYTw==",
      "dev": true,
      "dependencies": {
        "tr46": "~0.0.3",
        "webidl-conversions": "^3.0.0"
      }
    },
    "node_modules/ws": {
      "version": "8.18.3",
      "resolved": "https://registry.npmjs.org/ws/-/ws-8.18.3.tgz",
      "integrity": "sha512-PEIGCY5tSlUt50cqyMXfCzX+oOPqN0vuGqWzbcJ2xvnkzkq46oOpz7dQaTDBdfICb4N14+GARUDw2XV2N4tvzg==",
      "dev": true,
      "engines": {
        "node": ">=10.0.0"
      },
      "peerDependencies": {
        "bufferutil": "^4.0.1",
        "utf-8-validate": ">=5.0.2"
      },
      "peerDependenciesMeta": {
        "bufferutil": {
          "optional": true
        },
        "utf-8-validate": {
          "optional": true
        }
      }
    }
  }
}
